{
  "lockfileVersion": 1,
  "configVersion": 1,
  "workspaces": {
    "": {
      "name": "oh-my-pi-honcho-memory",
      "dependencies": {
        "@honcho-ai/sdk": "^2.1.1",
        "js-yaml": "^4.1.0",
      },
      "devDependencies": {
        "@types/bun": "^1.2.8",
        "@types/js-yaml": "^4.0.9",
        "@types/node": "^22.13.9",
        "typescript": "^5.9.3",
        "zod": "^4.4.3",
      },
    },
  },
  "packages": {
    "@honcho-ai/sdk": ["@honcho-ai/sdk@2.1.2", "https://mirrors.tencent.com/npm/@honcho-ai/sdk/-/sdk-2.1.2.tgz", { "dependencies": { "zod": "4.0.0" } }, "sha512-+aRpqK1UgRk0b21RYsQy6OeSXTHARQwPcC4Tv+dSR2QFA2q0kM9oUqPBuGG8boiRBrag7DTthx8g1E/Nwoz7OQ=="],

    "@types/bun": ["@types/bun@1.3.14", "https://mirrors.tencent.com/npm/@types/bun/-/bun-1.3.14.tgz", { "dependencies": { "bun-types": "1.3.14" } }, "sha512-h1hFqFVcvAvD9j9K7ZW7vd82aSA+rTdznZa+5bwvCwqSB1jmmfLcbIWhOLx1/+boy/xmjgCs/OMUL8hRJSmnPw=="],

    "@types/js-yaml": ["@types/js-yaml@4.0.9", "https://mirrors.tencent.com/npm/@types/js-yaml/-/js-yaml-4.0.9.tgz", {}, "sha512-k4MGaQl5TGo/iipqb2UDG2UwjXziSWkh0uysQelTlJpX1qGlpUZYm8PnO4DxG1qBomtJUdYJ6qR6xdIah10JLg=="],

    "@types/node": ["@types/node@22.19.21", "https://mirrors.tencent.com/npm/@types/node/-/node-22.19.21.tgz", { "dependencies": { "undici-types": "~6.21.0" } }, "sha512-VMeFBSCKQKmm2swI2kW51SFusDqekC6q9trBCvJ/JliDchFSuoYYKN7yVNjPthP1HKZcx3U1gI/wTcEBjEFKTA=="],

    "argparse": ["argparse@2.0.1", "https://mirrors.tencent.com/npm/argparse/-/argparse-2.0.1.tgz", {}, "sha512-8+9WqebbFzpX9OR+Wa6O29asIogeRMzcGtAINdpMHHyAg10f05aSFVBbcEqGf/PXw1EjAZ+q2/bEBg3DvurK3Q=="],

    "bun-types": ["bun-types@1.3.14", "https://mirrors.tencent.com/npm/bun-types/-/bun-types-1.3.14.tgz", { "dependencies": { "@types/node": "*" } }, "sha512-4N0ig0fEomHt5R0KCFWjovxow98rIoRwKolrYdCcknNwMekCXRnWEUvgu5soYV8QXtVsrUD8B95MBOZGPvr6KQ=="],

    "js-yaml": ["js-yaml@4.2.0", "https://mirrors.tencent.com/npm/js-yaml/-/js-yaml-4.2.0.tgz", { "dependencies": { "argparse": "^2.0.1" }, "bin": { "js-yaml": "bin/js-yaml.js" } }, "sha512-ePWsvanv0DWuDRsW8dnt+R4jQ31SCRCQ7hhNcPXZPsoBZiemuZNYGf7adZdqX2D86j6rvKp3RpCxVTSb8WQlOw=="],

    "typescript": ["typescript@5.9.3", "https://mirrors.tencent.com/npm/typescript/-/typescript-5.9.3.tgz", { "bin": { "tsc": "bin/tsc", "tsserver": "bin/tsserver" } }, "sha512-jl1vZzPDinLr9eUt3J/t7V6FgNEw9QjvBPdysz9KfQDD41fQrC2Y4vKQdiaUpFT4bXlb1RHhLpp8wtm6M5TgSw=="],

    "undici-types": ["undici-types@6.21.0", "https://mirrors.tencent.com/npm/undici-types/-/undici-types-6.21.0.tgz", {}, "sha512-iwDZqg0QAGrg9Rav5H4n0M64c3mkR59cJ6wQp+7C4nI0gsmExaedaYLNO44eT4AtBBwjbTiGPMlt2Md0T9H9JQ=="],

    "zod": ["zod@4.4.3", "https://mirrors.tencent.com/npm/zod/-/zod-4.4.3.tgz", {}, "sha512-ytENFjIJFl2UwYglde2jchW2Hwm4GJFLDiSXWdTrJQBIN9Fcyp7n4DhxJEiWNAJMV1/BqWfW/kkg71UDcHJyTQ=="],

    "@honcho-ai/sdk/zod": ["zod@4.0.0", "https://mirrors.tencent.com/npm/zod/-/zod-4.0.0.tgz", {}, "sha512-9diLdTPc/L7w/5jI4C3gHYNiGHDV9IZYxo1e5LSD8cabi65WVTWWb+g2BGPEpUUCOxR4D+6O5B0AzyMdUAXwrw=="],
  }
}
